
Microsoft Visual Studio Solution File, Format Version 12.00
# Visual Studio Version 16
VisualStudioVersion = 16.0.33214.272
MinimumVisualStudioVersion = 10.0.40219.1
Project("{8BC9CEB8-8B4A-11D0-8D11-00A0C91BC942}") = "Assignment3A", "Assignment3A.vcxproj", "{DF5C6591-7A73-4F7C-AF61-05FEB01F14FB}"
EndProject
Global
	GlobalSection(SolutionConfigurationPlatforms) = preSolution
		Debug|x64 = Debug|x64
		Debug|x86 = Debug|x86
		Release|x64 = Release|x64
		Release|x86 = Release|x86
	EndGlobalSection
	GlobalSection(ProjectConfigurationPlatforms) = postSolution
		{DF5C6591-7A73-4F7C-AF61-05FEB01F14FB}.Debug|x64.ActiveCfg = Debug|x64
		{DF5C6591-7A73-4F7C-AF61-05FEB01F14FB}.Debug|x64.Build.0 = Debug|x64
		{DF5C6591-7A73-4F7C-AF61-05FEB01F14FB}.Debug|x86.ActiveCfg = Debug|Win32
		{DF5C6591-7A73-4F7C-AF61-05FEB01F14FB}.Debug|x86.Build.0 = Debug|Win32
		{DF5C6591-7A73-4F7C-AF61-05FEB01F14FB}.Release|x64.ActiveCfg = Release|x64
		{DF5C6591-7A73-4F7C-AF61-05FEB01F14FB}.Release|x64.Build.0 = Release|x64
		{DF5C6591-7A73-4F7C-AF61-05FEB01F14FB}.Release|x86.ActiveCfg = Release|Win32
		{DF5C6591-7A73-4F7C-AF61-05FEB01F14FB}.Release|x86.Build.0 = Release|Win32
	EndGlobalSection
	GlobalSection(SolutionProperties) = preSolution
		HideSolutionNode = FALSE
	EndGlobalSection
	GlobalSection(ExtensibilityGlobals) = postSolution
		SolutionGuid = {639089A1-671C-4F47-8492-6CAEA5DCE250}
	EndGlobalSection
EndGlobal
