
Microsoft Visual Studio Solution File, Format Version 12.00
# Visual Studio Version 16
VisualStudioVersion = 16.0.33214.272
MinimumVisualStudioVersion = 10.0.40219.1
Project("{8BC9CEB8-8B4A-11D0-8D11-00A0C91BC942}") = "Assignment1A", "Assignment1A.vcxproj", "{137F1CF0-D301-40DD-9749-1A5BFD6ED639}"
EndProject
Global
	GlobalSection(SolutionConfigurationPlatforms) = preSolution
		Debug|x64 = Debug|x64
		Debug|x86 = Debug|x86
		Release|x64 = Release|x64
		Release|x86 = Release|x86
	EndGlobalSection
	GlobalSection(ProjectConfigurationPlatforms) = postSolution
		{137F1CF0-D301-40DD-9749-1A5BFD6ED639}.Debug|x64.ActiveCfg = Debug|x64
		{137F1CF0-D301-40DD-9749-1A5BFD6ED639}.Debug|x64.Build.0 = Debug|x64
		{137F1CF0-D301-40DD-9749-1A5BFD6ED639}.Debug|x86.ActiveCfg = Debug|Win32
		{137F1CF0-D301-40DD-9749-1A5BFD6ED639}.Debug|x86.Build.0 = Debug|Win32
		{137F1CF0-D301-40DD-9749-1A5BFD6ED639}.Release|x64.ActiveCfg = Release|x64
		{137F1CF0-D301-40DD-9749-1A5BFD6ED639}.Release|x64.Build.0 = Release|x64
		{137F1CF0-D301-40DD-9749-1A5BFD6ED639}.Release|x86.ActiveCfg = Release|Win32
		{137F1CF0-D301-40DD-9749-1A5BFD6ED639}.Release|x86.Build.0 = Release|Win32
	EndGlobalSection
	GlobalSection(SolutionProperties) = preSolution
		HideSolutionNode = FALSE
	EndGlobalSection
	GlobalSection(ExtensibilityGlobals) = postSolution
		SolutionGuid = {C87DEC1D-6250-4AF2-9C77-FB803D5521E6}
	EndGlobalSection
EndGlobal
