
Microsoft Visual Studio Solution File, Format Version 12.00
# Visual Studio Version 16
VisualStudioVersion = 16.0.33214.272
MinimumVisualStudioVersion = 10.0.40219.1
Project("{8BC9CEB8-8B4A-11D0-8D11-00A0C91BC942}") = "Assignment4B", "Assignment4B.vcxproj", "{BD341CA3-2384-4D6B-B695-152D68FA08FD}"
EndProject
Global
	GlobalSection(SolutionConfigurationPlatforms) = preSolution
		Debug|x64 = Debug|x64
		Debug|x86 = Debug|x86
		Release|x64 = Release|x64
		Release|x86 = Release|x86
	EndGlobalSection
	GlobalSection(ProjectConfigurationPlatforms) = postSolution
		{BD341CA3-2384-4D6B-B695-152D68FA08FD}.Debug|x64.ActiveCfg = Debug|x64
		{BD341CA3-2384-4D6B-B695-152D68FA08FD}.Debug|x64.Build.0 = Debug|x64
		{BD341CA3-2384-4D6B-B695-152D68FA08FD}.Debug|x86.ActiveCfg = Debug|Win32
		{BD341CA3-2384-4D6B-B695-152D68FA08FD}.Debug|x86.Build.0 = Debug|Win32
		{BD341CA3-2384-4D6B-B695-152D68FA08FD}.Release|x64.ActiveCfg = Release|x64
		{BD341CA3-2384-4D6B-B695-152D68FA08FD}.Release|x64.Build.0 = Release|x64
		{BD341CA3-2384-4D6B-B695-152D68FA08FD}.Release|x86.ActiveCfg = Release|Win32
		{BD341CA3-2384-4D6B-B695-152D68FA08FD}.Release|x86.Build.0 = Release|Win32
	EndGlobalSection
	GlobalSection(SolutionProperties) = preSolution
		HideSolutionNode = FALSE
	EndGlobalSection
	GlobalSection(ExtensibilityGlobals) = postSolution
		SolutionGuid = {40497516-C6CE-4A70-8AB1-61A6DBF3E48A}
	EndGlobalSection
EndGlobal
